
Microsoft Visual Studio Solution File, Format Version 12.00
# Visual Studio Version 16
VisualStudioVersion = 16.0.29613.14
MinimumVisualStudioVersion = 10.0.40219.1
Project("{9A19103F-16F7-4668-BE54-9A1E7A4F7556}") = "Ekobiashara.Web", "Ekobiashara.Web\Ekobiashara.Web.csproj", "{A1588C8A-B876-4910-A63A-C127E92130D3}"
EndProject
Project("{9A19103F-16F7-4668-BE54-9A1E7A4F7556}") = "Retail.Data", "Retail.Data\Retail.Data.csproj", "{FD2D543F-0DA4-4FEC-89E6-53BDEB29A070}"
EndProject
Global
	GlobalSection(SolutionConfigurationPlatforms) = preSolution
		Debug|Any CPU = Debug|Any CPU
		Release|Any CPU = Release|Any CPU
	EndGlobalSection
	GlobalSection(ProjectConfigurationPlatforms) = postSolution
		{A1588C8A-B876-4910-A63A-C127E92130D3}.Debug|Any CPU.ActiveCfg = Debug|Any CPU
		{A1588C8A-B876-4910-A63A-C127E92130D3}.Debug|Any CPU.Build.0 = Debug|Any CPU
		{A1588C8A-B876-4910-A63A-C127E92130D3}.Release|Any CPU.ActiveCfg = Release|Any CPU
		{A1588C8A-B876-4910-A63A-C127E92130D3}.Release|Any CPU.Build.0 = Release|Any CPU
		{FD2D543F-0DA4-4FEC-89E6-53BDEB29A070}.Debug|Any CPU.ActiveCfg = Debug|Any CPU
		{FD2D543F-0DA4-4FEC-89E6-53BDEB29A070}.Debug|Any CPU.Build.0 = Debug|Any CPU
		{FD2D543F-0DA4-4FEC-89E6-53BDEB29A070}.Release|Any CPU.ActiveCfg = Release|Any CPU
		{FD2D543F-0DA4-4FEC-89E6-53BDEB29A070}.Release|Any CPU.Build.0 = Release|Any CPU
	EndGlobalSection
	GlobalSection(SolutionProperties) = preSolution
		HideSolutionNode = FALSE
	EndGlobalSection
	GlobalSection(ExtensibilityGlobals) = postSolution
		SolutionGuid = {E348315A-1701-49EC-86E9-EB9027F286B6}
	EndGlobalSection
EndGlobal
